
Microsoft Visual Studio Solution File, Format Version 12.00
# Visual Studio Version 16
VisualStudioVersion = 16.0.32228.343
MinimumVisualStudioVersion = 10.0.40219.1
Project("{FAE04EC0-301F-11D3-BF4B-00C04F79EFBC}") = "SistemYonetimi", "SistemYonetimi\SistemYonetimi.csproj", "{5A7F4E61-A336-43A6-A847-35A343426A90}"
EndProject
Global
	GlobalSection(SolutionConfigurationPlatforms) = preSolution
		Debug|Any CPU = Debug|Any CPU
		Release|Any CPU = Release|Any CPU
	EndGlobalSection
	GlobalSection(ProjectConfigurationPlatforms) = postSolution
		{5A7F4E61-A336-43A6-A847-35A343426A90}.Debug|Any CPU.ActiveCfg = Debug|Any CPU
		{5A7F4E61-A336-43A6-A847-35A343426A90}.Debug|Any CPU.Build.0 = Debug|Any CPU
		{5A7F4E61-A336-43A6-A847-35A343426A90}.Release|Any CPU.ActiveCfg = Release|Any CPU
		{5A7F4E61-A336-43A6-A847-35A343426A90}.Release|Any CPU.Build.0 = Release|Any CPU
	EndGlobalSection
	GlobalSection(SolutionProperties) = preSolution
		HideSolutionNode = FALSE
	EndGlobalSection
	GlobalSection(ExtensibilityGlobals) = postSolution
		SolutionGuid = {D359F77A-BAD1-45F5-9F7E-0651E0355909}
	EndGlobalSection
EndGlobal
